
Microsoft Visual Studio Solution File, Format Version 12.00
# Visual Studio 2013
VisualStudioVersion = 12.0.31101.0
MinimumVisualStudioVersion = 10.0.40219.1
Project("{FAE04EC0-301F-11D3-BF4B-00C04F79EFBC}") = "AmazingApp", "AmazingApp\AmazingApp.csproj", "{64E07B4B-B1C2-4014-A85F-F7ECE47E9E0A}"
EndProject
Project("{FAE04EC0-301F-11D3-BF4B-00C04F79EFBC}") = "AmazingTests", "AmazingTests\AmazingTests.csproj", "{E31244D9-6A34-4F4C-A3E7-D04E452EE49C}"
EndProject
Global
	GlobalSection(SolutionConfigurationPlatforms) = preSolution
		Debug|Any CPU = Debug|Any CPU
		Release|Any CPU = Release|Any CPU
	EndGlobalSection
	GlobalSection(ProjectConfigurationPlatforms) = postSolution
		{64E07B4B-B1C2-4014-A85F-F7ECE47E9E0A}.Debug|Any CPU.ActiveCfg = Debug|Any CPU
		{64E07B4B-B1C2-4014-A85F-F7ECE47E9E0A}.Debug|Any CPU.Build.0 = Debug|Any CPU
		{64E07B4B-B1C2-4014-A85F-F7ECE47E9E0A}.Release|Any CPU.ActiveCfg = Release|Any CPU
		{64E07B4B-B1C2-4014-A85F-F7ECE47E9E0A}.Release|Any CPU.Build.0 = Release|Any CPU
		{E31244D9-6A34-4F4C-A3E7-D04E452EE49C}.Debug|Any CPU.ActiveCfg = Debug|Any CPU
		{E31244D9-6A34-4F4C-A3E7-D04E452EE49C}.Debug|Any CPU.Build.0 = Debug|Any CPU
		{E31244D9-6A34-4F4C-A3E7-D04E452EE49C}.Release|Any CPU.ActiveCfg = Release|Any CPU
		{E31244D9-6A34-4F4C-A3E7-D04E452EE49C}.Release|Any CPU.Build.0 = Release|Any CPU
	EndGlobalSection
	GlobalSection(SolutionProperties) = preSolution
		HideSolutionNode = FALSE
	EndGlobalSection
EndGlobal
